{"1.2.0",
[{<<"cowboy">>,{pkg,<<"cowboy">>,<<"2.15.0">>},1},
 {<<"cowlib">>,{pkg,<<"cowlib">>,<<"2.16.1">>},2},
 {<<"erlydtl">>,{pkg,<<"erlydtl">>,<<"0.14.0">>},1},
 {<<"jhn_stdlib">>,{pkg,<<"jhn_stdlib">>,<<"5.11.2">>},1},
 {<<"jose">>,{pkg,<<"jose">>,<<"1.11.12">>},1},
 {<<"kura">>,{pkg,<<"kura">>,<<"2.0.6">>},1},
 {<<"nova">>,{pkg,<<"nova">>,<<"0.14.3">>},0},
 {<<"nova_auth">>,{pkg,<<"nova_auth">>,<<"0.2.0">>},0},
 {<<"oidcc">>,{pkg,<<"oidcc">>,<<"3.7.2">>},0},
 {<<"ranch">>,{pkg,<<"ranch">>,<<"2.2.0">>},2},
 {<<"routing_tree">>,{pkg,<<"routing_tree">>,<<"1.0.11">>},1},
 {<<"seki">>,{pkg,<<"seki">>,<<"0.4.3">>},1},
 {<<"telemetry">>,{pkg,<<"telemetry">>,<<"1.4.2">>},1},
 {<<"telemetry_registry">>,{pkg,<<"telemetry_registry">>,<<"0.3.2">>},1},
 {<<"thoas">>,{pkg,<<"thoas">>,<<"1.2.1">>},1}]}.
[
{pkg_hash,[
 {<<"cowboy">>, <<"9CFE86ED7117BF045E10ADBEDB0170AF7BE57F2A3637E7BE143433D8DD267396">>},
 {<<"cowlib">>, <<"318D385D55F657E9A5005838C4E426E13DCD724A691438384B6165A69687E531">>},
 {<<"erlydtl">>, <<"964B2DC84F8C17ACFAA69C59BA129EF26AC45D2BA898C3C6AD9B5BDC8BA13CED">>},
 {<<"jhn_stdlib">>, <<"785074F3CA368EAA8E9AF1592BC19AE9EF1F7AF30B2CD6456A6083173A8F5CCB">>},
 {<<"jose">>, <<"06E62B467B61D3726CBC19E9B5489F7549C37993DE846DFB3EE8259F9ED208B3">>},
 {<<"kura">>, <<"9DBE8535B43E5AF71453242FB59820C98A9399636DE9275DC1A497A4211BC85F">>},
 {<<"nova">>, <<"2F08F11162A871CB1AA361BFEFE66D945F3284243F7EA6582AD8CA709BAFE2F3">>},
 {<<"nova_auth">>, <<"0447C6FE716348FF0621F9F043A0CD147D8DAFD11C3E3F22CB170F7C7B00ACE8">>},
 {<<"oidcc">>, <<"2047949832CA7984D6D9C218CC5F23E8096BF50EBB809124D3A01673EE2BFE12">>},
 {<<"ranch">>, <<"25528F82BC8D7C6152C57666CA99EC716510FE0925CB188172F41CE93117B1B0">>},
 {<<"routing_tree">>, <<"72ACEF2095F0EC804F7AFD07EF781DDE5009425A1CA0A28F0706B1DB334A4812">>},
 {<<"seki">>, <<"3A9209AD6154DA08084E8409C8F97586C79855450A748D989EDF23483B90B8B8">>},
 {<<"telemetry">>, <<"A0CB522801DFFB1C49FE6E30561BADFFC7B6D0E180DB1300DF759FAA22062855">>},
 {<<"telemetry_registry">>, <<"701576890320BE6428189BFF963E865E8F23E0FF3615EADE8F78662BE0FC003C">>},
 {<<"thoas">>, <<"19A25F31177A17E74004D4840F66D791D4298C5738790FA2CC73731EB911F195">>}]},
{pkg_hash_ext,[
 {<<"cowboy">>, <<"179FB65140FB440A17B767AD53B755081506F9596C4DB5C49C0396D8C8643668">>},
 {<<"cowlib">>, <<"58F1E425A9E04176F1D30E20116F57C4E90EF0E187552E9741C465BDF4044F70">>},
 {<<"erlydtl">>, <<"D80EC044CD8F58809C19D29AC5605BE09E955040911B644505E31E9DD8143431">>},
 {<<"jhn_stdlib">>, <<"2329CD16DEE46704AAB6184D09508E59DBA31C4D3255271DBB7D34D115ECA508">>},
 {<<"jose">>, <<"31E92B653E9210B696765CDD885437457DE1ADD2A9011D92F8CF63E4641BAB7B">>},
 {<<"kura">>, <<"8EBE8B4E32A8D156D311048B86665DE27E02C5335CAFE5BF58381122CC5AAF05">>},
 {<<"nova">>, <<"D35D0CEF073749958D2E7E446DED07354F5A3A6B96A31009A2E89D382BE72EF4">>},
 {<<"nova_auth">>, <<"1B343A8932037B675138DA50AF6118E4B7D3E7C93713DC9DFCD4C3F7B206DE2F">>},
 {<<"oidcc">>, <<"E3F1ED91509FDEB31EC8B9DE4ECDA0E80CB68B463A9F5B7A9EE1EE40E521E445">>},
 {<<"ranch">>, <<"FA0B99A1780C80218A4197A59EA8D3BDAE32FBFF7E88527D7D8A4787EFF4F8E7">>},
 {<<"routing_tree">>, <<"85982C7AC502892C5179CD2A591331003BACD2D2A71723640BA7D23F45408E6E">>},
 {<<"seki">>, <<"5493BAC387329DE722AC5BCB967364CACECC104AE3E6ED143863453263DC6DB4">>},
 {<<"telemetry">>, <<"928F6495066506077862C0D1646609EED891A4326BEE3126BA54B60AF61FEBB1">>},
 {<<"telemetry_registry">>, <<"E7ED191EB1D115A3034AF8E1E35E4E63D5348851D556646D46CA3D1B4E16BAB9">>},
 {<<"thoas">>, <<"E38697EDFFD6E91BD12CEA41B155115282630075C2A727E7A6B2947F5408B86A">>}]}
].
